
Microsoft Visual Studio Solution File, Format Version 12.00
# Visual Studio Version 17
VisualStudioVersion = 17.2.32616.157
MinimumVisualStudioVersion = 10.0.40219.1
Project("{FAE04EC0-301F-11D3-BF4B-00C04F79EFBC}") = "HW1_WPF_Vasilchenko", "HW1_WPF_Vasilchenko\HW1_WPF_Vasilchenko.csproj", "{778C56DF-1B09-4EDE-9B6E-498B989C0F9A}"
EndProject
Global
	GlobalSection(SolutionConfigurationPlatforms) = preSolution
		Debug|Any CPU = Debug|Any CPU
		Release|Any CPU = Release|Any CPU
	EndGlobalSection
	GlobalSection(ProjectConfigurationPlatforms) = postSolution
		{778C56DF-1B09-4EDE-9B6E-498B989C0F9A}.Debug|Any CPU.ActiveCfg = Debug|Any CPU
		{778C56DF-1B09-4EDE-9B6E-498B989C0F9A}.Debug|Any CPU.Build.0 = Debug|Any CPU
		{778C56DF-1B09-4EDE-9B6E-498B989C0F9A}.Release|Any CPU.ActiveCfg = Release|Any CPU
		{778C56DF-1B09-4EDE-9B6E-498B989C0F9A}.Release|Any CPU.Build.0 = Release|Any CPU
	EndGlobalSection
	GlobalSection(SolutionProperties) = preSolution
		HideSolutionNode = FALSE
	EndGlobalSection
	GlobalSection(ExtensibilityGlobals) = postSolution
		SolutionGuid = {06C29CA3-8EA7-494C-8496-E74BD38C632D}
	EndGlobalSection
EndGlobal
